// !$*UTF8*$!
{
	archiveVersion = 1;
	classes = {
	};
	objectVersion = 50;
	objects = {

/* Begin PBXBuildFile section */
		300B974A2562788000F65186 /* main.cpp in Sources */ = {isa = PBXBuildFile; fileRef = 300B97492562788000F65186 /* main.cpp */; };
		300B976A2562797E00F65186 /* hello.c in Sources */ = {isa = PBXBuildFile; fileRef = 300B97692562797E00F65186 /* hello.c */; };
		3089BF5A255E37FC00B134F7 /* main.cpp in Sources */ = {isa = PBXBuildFile; fileRef = 3089BF59255E37FC00B134F7 /* main.cpp */; };
		3089BF6A255E3B8000B134F7 /* main.cpp in Sources */ = {isa = PBXBuildFile; fileRef = 3089BF69255E3B8000B134F7 /* main.cpp */; };
		3089BF83255E65FF00B134F7 /* main.cpp in Sources */ = {isa = PBXBuildFile; fileRef = 3089BF82255E65FF00B134F7 /* main.cpp */; };
		3089BF95255E822400B134F7 /* main.cpp in Sources */ = {isa = PBXBuildFile; fileRef = 3089BF94255E822400B134F7 /* main.cpp */; };
		308F44C1255D196C003DCEEE /* main.cpp in Sources */ = {isa = PBXBuildFile; fileRef = 308F44C0255D196C003DCEEE /* main.cpp */; };
		308F44CF255D1986003DCEEE /* main.cpp in Sources */ = {isa = PBXBuildFile; fileRef = 308F44CE255D1986003DCEEE /* main.cpp */; };
		308F44DC255D1993003DCEEE /* main.cpp in Sources */ = {isa = PBXBuildFile; fileRef = 308F44DB255D1993003DCEEE /* main.cpp */; };
		308F44ED255D19F3003DCEEE /* main.cpp in Sources */ = {isa = PBXBuildFile; fileRef = 308F44EC255D19F3003DCEEE /* main.cpp */; };
		308F44F7255D1AEE003DCEEE /* Point.cpp in Sources */ = {isa = PBXBuildFile; fileRef = 308F44F5255D1AEE003DCEEE /* Point.cpp */; };
/* End PBXBuildFile section */

/* Begin PBXCopyFilesBuildPhase section */
		300B97452562788000F65186 /* CopyFiles */ = {
			isa = PBXCopyFilesBuildPhase;
			buildActionMask = 2147483647;
			dstPath = /usr/share/man/man1/;
			dstSubfolderSpec = 0;
			files = (
			);
			runOnlyForDeploymentPostprocessing = 1;
		};
		3089BF55255E37FC00B134F7 /* CopyFiles */ = {
			isa = PBXCopyFilesBuildPhase;
			buildActionMask = 2147483647;
			dstPath = /usr/share/man/man1/;
			dstSubfolderSpec = 0;
			files = (
			);
			runOnlyForDeploymentPostprocessing = 1;
		};
		3089BF65255E3B8000B134F7 /* CopyFiles */ = {
			isa = PBXCopyFilesBuildPhase;
			buildActionMask = 2147483647;
			dstPath = /usr/share/man/man1/;
			dstSubfolderSpec = 0;
			files = (
			);
			runOnlyForDeploymentPostprocessing = 1;
		};
		3089BF7E255E65FF00B134F7 /* CopyFiles */ = {
			isa = PBXCopyFilesBuildPhase;
			buildActionMask = 2147483647;
			dstPath = /usr/share/man/man1/;
			dstSubfolderSpec = 0;
			files = (
			);
			runOnlyForDeploymentPostprocessing = 1;
		};
		3089BF90255E822400B134F7 /* CopyFiles */ = {
			isa = PBXCopyFilesBuildPhase;
			buildActionMask = 2147483647;
			dstPath = /usr/share/man/man1/;
			dstSubfolderSpec = 0;
			files = (
			);
			runOnlyForDeploymentPostprocessing = 1;
		};
		308F44BB255D196C003DCEEE /* CopyFiles */ = {
			isa = PBXCopyFilesBuildPhase;
			buildActionMask = 2147483647;
			dstPath = /usr/share/man/man1/;
			dstSubfolderSpec = 0;
			files = (
			);
			runOnlyForDeploymentPostprocessing = 1;
		};
		308F44CA255D1986003DCEEE /* CopyFiles */ = {
			isa = PBXCopyFilesBuildPhase;
			buildActionMask = 2147483647;
			dstPath = /usr/share/man/man1/;
			dstSubfolderSpec = 0;
			files = (
			);
			runOnlyForDeploymentPostprocessing = 1;
		};
		308F44D7255D1993003DCEEE /* CopyFiles */ = {
			isa = PBXCopyFilesBuildPhase;
			buildActionMask = 2147483647;
			dstPath = /usr/share/man/man1/;
			dstSubfolderSpec = 0;
			files = (
			);
			runOnlyForDeploymentPostprocessing = 1;
		};
		308F44E8255D19F3003DCEEE /* CopyFiles */ = {
			isa = PBXCopyFilesBuildPhase;
			buildActionMask = 2147483647;
			dstPath = /usr/share/man/man1/;
			dstSubfolderSpec = 0;
			files = (
			);
			runOnlyForDeploymentPostprocessing = 1;
		};
/* End PBXCopyFilesBuildPhase section */

/* Begin PBXFileReference section */
		300B97472562788000F65186 /* 00-ARM */ = {isa = PBXFileReference; explicitFileType = "compiled.mach-o.executable"; includeInIndex = 0; path = "00-ARM"; sourceTree = BUILT_PRODUCTS_DIR; };
		300B97492562788000F65186 /* main.cpp */ = {isa = PBXFileReference; lastKnownFileType = sourcecode.cpp.cpp; path = main.cpp; sourceTree = "<group>"; };
		300B97692562797E00F65186 /* hello.c */ = {isa = PBXFileReference; lastKnownFileType = sourcecode.c.c; path = hello.c; sourceTree = "<group>"; };
		301A48AB255D2BB600407F83 /* Point.hpp */ = {isa = PBXFileReference; lastKnownFileType = sourcecode.cpp.h; path = Point.hpp; sourceTree = "<group>"; };
		3089BF57255E37FC00B134F7 /* 48-Lambda */ = {isa = PBXFileReference; explicitFileType = "compiled.mach-o.executable"; includeInIndex = 0; path = "48-Lambda"; sourceTree = BUILT_PRODUCTS_DIR; };
		3089BF59255E37FC00B134F7 /* main.cpp */ = {isa = PBXFileReference; lastKnownFileType = sourcecode.cpp.cpp; path = main.cpp; sourceTree = "<group>"; };
		3089BF67255E3B8000B134F7 /* 49-C++14 */ = {isa = PBXFileReference; explicitFileType = "compiled.mach-o.executable"; includeInIndex = 0; path = "49-C++14"; sourceTree = BUILT_PRODUCTS_DIR; };
		3089BF69255E3B8000B134F7 /* main.cpp */ = {isa = PBXFileReference; lastKnownFileType = sourcecode.cpp.cpp; path = main.cpp; sourceTree = "<group>"; };
		3089BF80255E65FF00B134F7 /* 50-异常 */ = {isa = PBXFileReference; explicitFileType = "compiled.mach-o.executable"; includeInIndex = 0; path = "50-异常"; sourceTree = BUILT_PRODUCTS_DIR; };
		3089BF82255E65FF00B134F7 /* main.cpp */ = {isa = PBXFileReference; lastKnownFileType = sourcecode.cpp.cpp; path = main.cpp; sourceTree = "<group>"; };
		3089BF92255E822400B134F7 /* 51-智能指针 */ = {isa = PBXFileReference; explicitFileType = "compiled.mach-o.executable"; includeInIndex = 0; path = "51-智能指针"; sourceTree = BUILT_PRODUCTS_DIR; };
		3089BF94255E822400B134F7 /* main.cpp */ = {isa = PBXFileReference; lastKnownFileType = sourcecode.cpp.cpp; path = main.cpp; sourceTree = "<group>"; };
		308F44BD255D196C003DCEEE /* CPP */ = {isa = PBXFileReference; explicitFileType = "compiled.mach-o.executable"; includeInIndex = 0; path = CPP; sourceTree = BUILT_PRODUCTS_DIR; };
		308F44C0255D196C003DCEEE /* main.cpp */ = {isa = PBXFileReference; lastKnownFileType = sourcecode.cpp.cpp; path = main.cpp; sourceTree = "<group>"; };
		308F44CC255D1986003DCEEE /* 43-运算符重载 */ = {isa = PBXFileReference; explicitFileType = "compiled.mach-o.executable"; includeInIndex = 0; path = "43-运算符重载"; sourceTree = BUILT_PRODUCTS_DIR; };
		308F44CE255D1986003DCEEE /* main.cpp */ = {isa = PBXFileReference; lastKnownFileType = sourcecode.cpp.cpp; path = main.cpp; sourceTree = "<group>"; };
		308F44D9255D1993003DCEEE /* 42-局部类 */ = {isa = PBXFileReference; explicitFileType = "compiled.mach-o.executable"; includeInIndex = 0; path = "42-局部类"; sourceTree = BUILT_PRODUCTS_DIR; };
		308F44DB255D1993003DCEEE /* main.cpp */ = {isa = PBXFileReference; lastKnownFileType = sourcecode.cpp.cpp; path = main.cpp; sourceTree = "<group>"; };
		308F44EA255D19F3003DCEEE /* 46-模板 */ = {isa = PBXFileReference; explicitFileType = "compiled.mach-o.executable"; includeInIndex = 0; path = "46-模板"; sourceTree = BUILT_PRODUCTS_DIR; };
		308F44EC255D19F3003DCEEE /* main.cpp */ = {isa = PBXFileReference; lastKnownFileType = sourcecode.cpp.cpp; path = main.cpp; sourceTree = "<group>"; };
		308F44F5255D1AEE003DCEEE /* Point.cpp */ = {isa = PBXFileReference; lastKnownFileType = sourcecode.cpp.cpp; path = Point.cpp; sourceTree = "<group>"; };
/* End PBXFileReference section */

/* Begin PBXFrameworksBuildPhase section */
		300B97442562788000F65186 /* Frameworks */ = {
			isa = PBXFrameworksBuildPhase;
			buildActionMask = 2147483647;
			files = (
			);
			runOnlyForDeploymentPostprocessing = 0;
		};
		3089BF54255E37FC00B134F7 /* Frameworks */ = {
			isa = PBXFrameworksBuildPhase;
			buildActionMask = 2147483647;
			files = (
			);
			runOnlyForDeploymentPostprocessing = 0;
		};
		3089BF64255E3B8000B134F7 /* Frameworks */ = {
			isa = PBXFrameworksBuildPhase;
			buildActionMask = 2147483647;
			files = (
			);
			runOnlyForDeploymentPostprocessing = 0;
		};
		3089BF7D255E65FF00B134F7 /* Frameworks */ = {
			isa = PBXFrameworksBuildPhase;
			buildActionMask = 2147483647;
			files = (
			);
			runOnlyForDeploymentPostprocessing = 0;
		};
		3089BF8F255E822400B134F7 /* Frameworks */ = {
			isa = PBXFrameworksBuildPhase;
			buildActionMask = 2147483647;
			files = (
			);
			runOnlyForDeploymentPostprocessing = 0;
		};
		308F44BA255D196C003DCEEE /* Frameworks */ = {
			isa = PBXFrameworksBuildPhase;
			buildActionMask = 2147483647;
			files = (
			);
			runOnlyForDeploymentPostprocessing = 0;
		};
		308F44C9255D1986003DCEEE /* Frameworks */ = {
			isa = PBXFrameworksBuildPhase;
			buildActionMask = 2147483647;
			files = (
			);
			runOnlyForDeploymentPostprocessing = 0;
		};
		308F44D6255D1993003DCEEE /* Frameworks */ = {
			isa = PBXFrameworksBuildPhase;
			buildActionMask = 2147483647;
			files = (
			);
			runOnlyForDeploymentPostprocessing = 0;
		};
		308F44E7255D19F3003DCEEE /* Frameworks */ = {
			isa = PBXFrameworksBuildPhase;
			buildActionMask = 2147483647;
			files = (
			);
			runOnlyForDeploymentPostprocessing = 0;
		};
/* End PBXFrameworksBuildPhase section */

/* Begin PBXGroup section */
		300B97482562788000F65186 /* 00-ARM */ = {
			isa = PBXGroup;
			children = (
				300B97492562788000F65186 /* main.cpp */,
				300B97692562797E00F65186 /* hello.c */,
			);
			path = "00-ARM";
			sourceTree = "<group>";
		};
		3089BF58255E37FC00B134F7 /* 48-Lambda */ = {
			isa = PBXGroup;
			children = (
				3089BF59255E37FC00B134F7 /* main.cpp */,
			);
			path = "48-Lambda";
			sourceTree = "<group>";
		};
		3089BF68255E3B8000B134F7 /* 49-C++14 */ = {
			isa = PBXGroup;
			children = (
				3089BF69255E3B8000B134F7 /* main.cpp */,
			);
			path = "49-C++14";
			sourceTree = "<group>";
		};
		3089BF81255E65FF00B134F7 /* 50-异常 */ = {
			isa = PBXGroup;
			children = (
				3089BF82255E65FF00B134F7 /* main.cpp */,
			);
			path = "50-异常";
			sourceTree = "<group>";
		};
		3089BF93255E822400B134F7 /* 51-智能指针 */ = {
			isa = PBXGroup;
			children = (
				3089BF94255E822400B134F7 /* main.cpp */,
			);
			path = "51-智能指针";
			sourceTree = "<group>";
		};
		308F44B4255D196C003DCEEE = {
			isa = PBXGroup;
			children = (
				308F44BF255D196C003DCEEE /* CPP */,
				300B97482562788000F65186 /* 00-ARM */,
				308F44CD255D1986003DCEEE /* 43-运算符重载 */,
				308F44DA255D1993003DCEEE /* 42-局部类 */,
				308F44EB255D19F3003DCEEE /* 46-模板 */,
				3089BF58255E37FC00B134F7 /* 48-Lambda */,
				3089BF68255E3B8000B134F7 /* 49-C++14 */,
				3089BF81255E65FF00B134F7 /* 50-异常 */,
				3089BF93255E822400B134F7 /* 51-智能指针 */,
				308F44BE255D196C003DCEEE /* Products */,
			);
			sourceTree = "<group>";
		};
		308F44BE255D196C003DCEEE /* Products */ = {
			isa = PBXGroup;
			children = (
				308F44BD255D196C003DCEEE /* CPP */,
				308F44CC255D1986003DCEEE /* 43-运算符重载 */,
				308F44D9255D1993003DCEEE /* 42-局部类 */,
				308F44EA255D19F3003DCEEE /* 46-模板 */,
				3089BF57255E37FC00B134F7 /* 48-Lambda */,
				3089BF67255E3B8000B134F7 /* 49-C++14 */,
				3089BF80255E65FF00B134F7 /* 50-异常 */,
				3089BF92255E822400B134F7 /* 51-智能指针 */,
				300B97472562788000F65186 /* 00-ARM */,
			);
			name = Products;
			sourceTree = "<group>";
		};
		308F44BF255D196C003DCEEE /* CPP */ = {
			isa = PBXGroup;
			children = (
				308F44C0255D196C003DCEEE /* main.cpp */,
			);
			path = CPP;
			sourceTree = "<group>";
		};
		308F44CD255D1986003DCEEE /* 43-运算符重载 */ = {
			isa = PBXGroup;
			children = (
				308F44CE255D1986003DCEEE /* main.cpp */,
			);
			path = "43-运算符重载";
			sourceTree = "<group>";
		};
		308F44DA255D1993003DCEEE /* 42-局部类 */ = {
			isa = PBXGroup;
			children = (
				308F44DB255D1993003DCEEE /* main.cpp */,
			);
			path = "42-局部类";
			sourceTree = "<group>";
		};
		308F44EB255D19F3003DCEEE /* 46-模板 */ = {
			isa = PBXGroup;
			children = (
				308F44EC255D19F3003DCEEE /* main.cpp */,
				301A48AB255D2BB600407F83 /* Point.hpp */,
				308F44F5255D1AEE003DCEEE /* Point.cpp */,
			);
			path = "46-模板";
			sourceTree = "<group>";
		};
/* End PBXGroup section */

/* Begin PBXNativeTarget section */
		300B97462562788000F65186 /* 00-ARM */ = {
			isa = PBXNativeTarget;
			buildConfigurationList = 300B974D2562788000F65186 /* Build configuration list for PBXNativeTarget "00-ARM" */;
			buildPhases = (
				300B97432562788000F65186 /* Sources */,
				300B97442562788000F65186 /* Frameworks */,
				300B97452562788000F65186 /* CopyFiles */,
			);
			buildRules = (
			);
			dependencies = (
			);
			name = "00-ARM";
			productName = "00-ARM";
			productReference = 300B97472562788000F65186 /* 00-ARM */;
			productType = "com.apple.product-type.tool";
		};
		3089BF56255E37FC00B134F7 /* 48-Lambda */ = {
			isa = PBXNativeTarget;
			buildConfigurationList = 3089BF5D255E37FC00B134F7 /* Build configuration list for PBXNativeTarget "48-Lambda" */;
			buildPhases = (
				3089BF53255E37FC00B134F7 /* Sources */,
				3089BF54255E37FC00B134F7 /* Frameworks */,
				3089BF55255E37FC00B134F7 /* CopyFiles */,
			);
			buildRules = (
			);
			dependencies = (
			);
			name = "48-Lambda";
			productName = "48-Lambda";
			productReference = 3089BF57255E37FC00B134F7 /* 48-Lambda */;
			productType = "com.apple.product-type.tool";
		};
		3089BF66255E3B8000B134F7 /* 49-C++14 */ = {
			isa = PBXNativeTarget;
			buildConfigurationList = 3089BF6B255E3B8000B134F7 /* Build configuration list for PBXNativeTarget "49-C++14" */;
			buildPhases = (
				3089BF63255E3B8000B134F7 /* Sources */,
				3089BF64255E3B8000B134F7 /* Frameworks */,
				3089BF65255E3B8000B134F7 /* CopyFiles */,
			);
			buildRules = (
			);
			dependencies = (
			);
			name = "49-C++14";
			productName = "49-C++14";
			productReference = 3089BF67255E3B8000B134F7 /* 49-C++14 */;
			productType = "com.apple.product-type.tool";
		};
		3089BF7F255E65FF00B134F7 /* 50-异常 */ = {
			isa = PBXNativeTarget;
			buildConfigurationList = 3089BF84255E65FF00B134F7 /* Build configuration list for PBXNativeTarget "50-异常" */;
			buildPhases = (
				3089BF7C255E65FF00B134F7 /* Sources */,
				3089BF7D255E65FF00B134F7 /* Frameworks */,
				3089BF7E255E65FF00B134F7 /* CopyFiles */,
			);
			buildRules = (
			);
			dependencies = (
			);
			name = "50-异常";
			productName = "50-异常";
			productReference = 3089BF80255E65FF00B134F7 /* 50-异常 */;
			productType = "com.apple.product-type.tool";
		};
		3089BF91255E822400B134F7 /* 51-智能指针 */ = {
			isa = PBXNativeTarget;
			buildConfigurationList = 3089BF96255E822400B134F7 /* Build configuration list for PBXNativeTarget "51-智能指针" */;
			buildPhases = (
				3089BF8E255E822400B134F7 /* Sources */,
				3089BF8F255E822400B134F7 /* Frameworks */,
				3089BF90255E822400B134F7 /* CopyFiles */,
			);
			buildRules = (
			);
			dependencies = (
			);
			name = "51-智能指针";
			productName = "51-智能指针";
			productReference = 3089BF92255E822400B134F7 /* 51-智能指针 */;
			productType = "com.apple.product-type.tool";
		};
		308F44BC255D196C003DCEEE /* CPP */ = {
			isa = PBXNativeTarget;
			buildConfigurationList = 308F44C4255D196C003DCEEE /* Build configuration list for PBXNativeTarget "CPP" */;
			buildPhases = (
				308F44B9255D196C003DCEEE /* Sources */,
				308F44BA255D196C003DCEEE /* Frameworks */,
				308F44BB255D196C003DCEEE /* CopyFiles */,
			);
			buildRules = (
			);
			dependencies = (
			);
			name = CPP;
			productName = CPP;
			productReference = 308F44BD255D196C003DCEEE /* CPP */;
			productType = "com.apple.product-type.tool";
		};
		308F44CB255D1986003DCEEE /* 43-运算符重载 */ = {
			isa = PBXNativeTarget;
			buildConfigurationList = 308F44D0255D1986003DCEEE /* Build configuration list for PBXNativeTarget "43-运算符重载" */;
			buildPhases = (
				308F44C8255D1986003DCEEE /* Sources */,
				308F44C9255D1986003DCEEE /* Frameworks */,
				308F44CA255D1986003DCEEE /* CopyFiles */,
			);
			buildRules = (
			);
			dependencies = (
			);
			name = "43-运算符重载";
			productName = "43-运算符重载";
			productReference = 308F44CC255D1986003DCEEE /* 43-运算符重载 */;
			productType = "com.apple.product-type.tool";
		};
		308F44D8255D1993003DCEEE /* 42-局部类 */ = {
			isa = PBXNativeTarget;
			buildConfigurationList = 308F44DD255D1993003DCEEE /* Build configuration list for PBXNativeTarget "42-局部类" */;
			buildPhases = (
				308F44D5255D1993003DCEEE /* Sources */,
				308F44D6255D1993003DCEEE /* Frameworks */,
				308F44D7255D1993003DCEEE /* CopyFiles */,
			);
			buildRules = (
			);
			dependencies = (
			);
			name = "42-局部类";
			productName = "42-局部类";
			productReference = 308F44D9255D1993003DCEEE /* 42-局部类 */;
			productType = "com.apple.product-type.tool";
		};
		308F44E9255D19F3003DCEEE /* 46-模板 */ = {
			isa = PBXNativeTarget;
			buildConfigurationList = 308F44EE255D19F3003DCEEE /* Build configuration list for PBXNativeTarget "46-模板" */;
			buildPhases = (
				308F44E6255D19F3003DCEEE /* Sources */,
				308F44E7255D19F3003DCEEE /* Frameworks */,
				308F44E8255D19F3003DCEEE /* CopyFiles */,
			);
			buildRules = (
			);
			dependencies = (
			);
			name = "46-模板";
			productName = "46-模板";
			productReference = 308F44EA255D19F3003DCEEE /* 46-模板 */;
			productType = "com.apple.product-type.tool";
		};
/* End PBXNativeTarget section */

/* Begin PBXProject section */
		308F44B5255D196C003DCEEE /* Project object */ = {
			isa = PBXProject;
			attributes = {
				LastUpgradeCheck = 1210;
				TargetAttributes = {
					300B97462562788000F65186 = {
						CreatedOnToolsVersion = 12.1;
					};
					3089BF56255E37FC00B134F7 = {
						CreatedOnToolsVersion = 12.1;
					};
					3089BF66255E3B8000B134F7 = {
						CreatedOnToolsVersion = 12.1;
					};
					3089BF7F255E65FF00B134F7 = {
						CreatedOnToolsVersion = 12.1;
					};
					3089BF91255E822400B134F7 = {
						CreatedOnToolsVersion = 12.1;
					};
					308F44BC255D196C003DCEEE = {
						CreatedOnToolsVersion = 12.1;
					};
					308F44CB255D1986003DCEEE = {
						CreatedOnToolsVersion = 12.1;
					};
					308F44D8255D1993003DCEEE = {
						CreatedOnToolsVersion = 12.1;
					};
					308F44E9255D19F3003DCEEE = {
						CreatedOnToolsVersion = 12.1;
					};
				};
			};
			buildConfigurationList = 308F44B8255D196C003DCEEE /* Build configuration list for PBXProject "CPP" */;
			compatibilityVersion = "Xcode 9.3";
			developmentRegion = en;
			hasScannedForEncodings = 0;
			knownRegions = (
				en,
				Base,
			);
			mainGroup = 308F44B4255D196C003DCEEE;
			productRefGroup = 308F44BE255D196C003DCEEE /* Products */;
			projectDirPath = "";
			projectRoot = "";
			targets = (
				308F44BC255D196C003DCEEE /* CPP */,
				300B97462562788000F65186 /* 00-ARM */,
				308F44D8255D1993003DCEEE /* 42-局部类 */,
				308F44CB255D1986003DCEEE /* 43-运算符重载 */,
				308F44E9255D19F3003DCEEE /* 46-模板 */,
				3089BF56255E37FC00B134F7 /* 48-Lambda */,
				3089BF66255E3B8000B134F7 /* 49-C++14 */,
				3089BF7F255E65FF00B134F7 /* 50-异常 */,
				3089BF91255E822400B134F7 /* 51-智能指针 */,
			);
		};
/* End PBXProject section */

/* Begin PBXSourcesBuildPhase section */
		300B97432562788000F65186 /* Sources */ = {
			isa = PBXSourcesBuildPhase;
			buildActionMask = 2147483647;
			files = (
				300B976A2562797E00F65186 /* hello.c in Sources */,
				300B974A2562788000F65186 /* main.cpp in Sources */,
			);
			runOnlyForDeploymentPostprocessing = 0;
		};
		3089BF53255E37FC00B134F7 /* Sources */ = {
			isa = PBXSourcesBuildPhase;
			buildActionMask = 2147483647;
			files = (
				3089BF5A255E37FC00B134F7 /* main.cpp in Sources */,
			);
			runOnlyForDeploymentPostprocessing = 0;
		};
		3089BF63255E3B8000B134F7 /* Sources */ = {
			isa = PBXSourcesBuildPhase;
			buildActionMask = 2147483647;
			files = (
				3089BF6A255E3B8000B134F7 /* main.cpp in Sources */,
			);
			runOnlyForDeploymentPostprocessing = 0;
		};
		3089BF7C255E65FF00B134F7 /* Sources */ = {
			isa = PBXSourcesBuildPhase;
			buildActionMask = 2147483647;
			files = (
				3089BF83255E65FF00B134F7 /* main.cpp in Sources */,
			);
			runOnlyForDeploymentPostprocessing = 0;
		};
		3089BF8E255E822400B134F7 /* Sources */ = {
			isa = PBXSourcesBuildPhase;
			buildActionMask = 2147483647;
			files = (
				3089BF95255E822400B134F7 /* main.cpp in Sources */,
			);
			runOnlyForDeploymentPostprocessing = 0;
		};
		308F44B9255D196C003DCEEE /* Sources */ = {
			isa = PBXSourcesBuildPhase;
			buildActionMask = 2147483647;
			files = (
				308F44C1255D196C003DCEEE /* main.cpp in Sources */,
			);
			runOnlyForDeploymentPostprocessing = 0;
		};
		308F44C8255D1986003DCEEE /* Sources */ = {
			isa = PBXSourcesBuildPhase;
			buildActionMask = 2147483647;
			files = (
				308F44CF255D1986003DCEEE /* main.cpp in Sources */,
			);
			runOnlyForDeploymentPostprocessing = 0;
		};
		308F44D5255D1993003DCEEE /* Sources */ = {
			isa = PBXSourcesBuildPhase;
			buildActionMask = 2147483647;
			files = (
				308F44DC255D1993003DCEEE /* main.cpp in Sources */,
			);
			runOnlyForDeploymentPostprocessing = 0;
		};
		308F44E6255D19F3003DCEEE /* Sources */ = {
			isa = PBXSourcesBuildPhase;
			buildActionMask = 2147483647;
			files = (
				308F44F7255D1AEE003DCEEE /* Point.cpp in Sources */,
				308F44ED255D19F3003DCEEE /* main.cpp in Sources */,
			);
			runOnlyForDeploymentPostprocessing = 0;
		};
/* End PBXSourcesBuildPhase section */

/* Begin XCBuildConfiguration section */
		300B974B2562788000F65186 /* Debug */ = {
			isa = XCBuildConfiguration;
			buildSettings = {
				CODE_SIGN_STYLE = Automatic;
				DEVELOPMENT_TEAM = B5SJ8JYP65;
				ENABLE_HARDENED_RUNTIME = YES;
				PRODUCT_NAME = "$(TARGET_NAME)";
			};
			name = Debug;
		};
		300B974C2562788000F65186 /* Release */ = {
			isa = XCBuildConfiguration;
			buildSettings = {
				CODE_SIGN_STYLE = Automatic;
				DEVELOPMENT_TEAM = B5SJ8JYP65;
				ENABLE_HARDENED_RUNTIME = YES;
				PRODUCT_NAME = "$(TARGET_NAME)";
			};
			name = Release;
		};
		3089BF5B255E37FC00B134F7 /* Debug */ = {
			isa = XCBuildConfiguration;
			buildSettings = {
				CODE_SIGN_STYLE = Automatic;
				DEVELOPMENT_TEAM = B5SJ8JYP65;
				ENABLE_HARDENED_RUNTIME = YES;
				PRODUCT_NAME = "$(TARGET_NAME)";
			};
			name = Debug;
		};
		3089BF5C255E37FC00B134F7 /* Release */ = {
			isa = XCBuildConfiguration;
			buildSettings = {
				CODE_SIGN_STYLE = Automatic;
				DEVELOPMENT_TEAM = B5SJ8JYP65;
				ENABLE_HARDENED_RUNTIME = YES;
				PRODUCT_NAME = "$(TARGET_NAME)";
			};
			name = Release;
		};
		3089BF6C255E3B8000B134F7 /* Debug */ = {
			isa = XCBuildConfiguration;
			buildSettings = {
				CLANG_CXX_LANGUAGE_STANDARD = "gnu++17";
				CODE_SIGN_STYLE = Automatic;
				DEVELOPMENT_TEAM = B5SJ8JYP65;
				ENABLE_HARDENED_RUNTIME = YES;
				PRODUCT_NAME = "$(TARGET_NAME)";
			};
			name = Debug;
		};
		3089BF6D255E3B8000B134F7 /* Release */ = {
			isa = XCBuildConfiguration;
			buildSettings = {
				CLANG_CXX_LANGUAGE_STANDARD = "gnu++17";
				CODE_SIGN_STYLE = Automatic;
				DEVELOPMENT_TEAM = B5SJ8JYP65;
				ENABLE_HARDENED_RUNTIME = YES;
				PRODUCT_NAME = "$(TARGET_NAME)";
			};
			name = Release;
		};
		3089BF85255E65FF00B134F7 /* Debug */ = {
			isa = XCBuildConfiguration;
			buildSettings = {
				CODE_SIGN_STYLE = Automatic;
				DEVELOPMENT_TEAM = B5SJ8JYP65;
				ENABLE_HARDENED_RUNTIME = YES;
				PRODUCT_NAME = "$(TARGET_NAME)";
			};
			name = Debug;
		};
		3089BF86255E65FF00B134F7 /* Release */ = {
			isa = XCBuildConfiguration;
			buildSettings = {
				CODE_SIGN_STYLE = Automatic;
				DEVELOPMENT_TEAM = B5SJ8JYP65;
				ENABLE_HARDENED_RUNTIME = YES;
				PRODUCT_NAME = "$(TARGET_NAME)";
			};
			name = Release;
		};
		3089BF97255E822400B134F7 /* Debug */ = {
			isa = XCBuildConfiguration;
			buildSettings = {
				CODE_SIGN_STYLE = Automatic;
				DEVELOPMENT_TEAM = B5SJ8JYP65;
				ENABLE_HARDENED_RUNTIME = YES;
				PRODUCT_NAME = "$(TARGET_NAME)";
			};
			name = Debug;
		};
		3089BF98255E822400B134F7 /* Release */ = {
			isa = XCBuildConfiguration;
			buildSettings = {
				CODE_SIGN_STYLE = Automatic;
				DEVELOPMENT_TEAM = B5SJ8JYP65;
				ENABLE_HARDENED_RUNTIME = YES;
				PRODUCT_NAME = "$(TARGET_NAME)";
			};
			name = Release;
		};
		308F44C2255D196C003DCEEE /* Debug */ = {
			isa = XCBuildConfiguration;
			buildSettings = {
				ALWAYS_SEARCH_USER_PATHS = NO;
				CLANG_ANALYZER_NONNULL = YES;
				CLANG_ANALYZER_NUMBER_OBJECT_CONVERSION = YES_AGGRESSIVE;
				CLANG_CXX_LANGUAGE_STANDARD = "gnu++14";
				CLANG_CXX_LIBRARY = "libc++";
				CLANG_ENABLE_MODULES = YES;
				CLANG_ENABLE_OBJC_ARC = YES;
				CLANG_ENABLE_OBJC_WEAK = YES;
				CLANG_WARN_BLOCK_CAPTURE_AUTORELEASING = YES;
				CLANG_WARN_BOOL_CONVERSION = YES;
				CLANG_WARN_COMMA = YES;
				CLANG_WARN_CONSTANT_CONVERSION = YES;
				CLANG_WARN_DEPRECATED_OBJC_IMPLEMENTATIONS = YES;
				CLANG_WARN_DIRECT_OBJC_ISA_USAGE = YES_ERROR;
				CLANG_WARN_DOCUMENTATION_COMMENTS = YES;
				CLANG_WARN_EMPTY_BODY = YES;
				CLANG_WARN_ENUM_CONVERSION = YES;
				CLANG_WARN_INFINITE_RECURSION = YES;
				CLANG_WARN_INT_CONVERSION = YES;
				CLANG_WARN_NON_LITERAL_NULL_CONVERSION = YES;
				CLANG_WARN_OBJC_IMPLICIT_RETAIN_SELF = YES;
				CLANG_WARN_OBJC_LITERAL_CONVERSION = YES;
				CLANG_WARN_OBJC_ROOT_CLASS = YES_ERROR;
				CLANG_WARN_QUOTED_INCLUDE_IN_FRAMEWORK_HEADER = YES;
				CLANG_WARN_RANGE_LOOP_ANALYSIS = YES;
				CLANG_WARN_STRICT_PROTOTYPES = YES;
				CLANG_WARN_SUSPICIOUS_MOVE = YES;
				CLANG_WARN_UNGUARDED_AVAILABILITY = YES_AGGRESSIVE;
				CLANG_WARN_UNREACHABLE_CODE = YES;
				CLANG_WARN__DUPLICATE_METHOD_MATCH = YES;
				COPY_PHASE_STRIP = NO;
				DEBUG_INFORMATION_FORMAT = dwarf;
				ENABLE_STRICT_OBJC_MSGSEND = YES;
				ENABLE_TESTABILITY = YES;
				GCC_C_LANGUAGE_STANDARD = gnu11;
				GCC_DYNAMIC_NO_PIC = NO;
				GCC_NO_COMMON_BLOCKS = YES;
				GCC_OPTIMIZATION_LEVEL = 0;
				GCC_PREPROCESSOR_DEFINITIONS = (
					"DEBUG=1",
					"$(inherited)",
				);
				GCC_WARN_64_TO_32_BIT_CONVERSION = YES;
				GCC_WARN_ABOUT_RETURN_TYPE = YES_ERROR;
				GCC_WARN_UNDECLARED_SELECTOR = YES;
				GCC_WARN_UNINITIALIZED_AUTOS = YES_AGGRESSIVE;
				GCC_WARN_UNUSED_FUNCTION = YES;
				GCC_WARN_UNUSED_VARIABLE = YES;
				MACOSX_DEPLOYMENT_TARGET = 10.15;
				MTL_ENABLE_DEBUG_INFO = INCLUDE_SOURCE;
				MTL_FAST_MATH = YES;
				ONLY_ACTIVE_ARCH = YES;
				SDKROOT = macosx;
			};
			name = Debug;
		};
		308F44C3255D196C003DCEEE /* Release */ = {
			isa = XCBuildConfiguration;
			buildSettings = {
				ALWAYS_SEARCH_USER_PATHS = NO;
				CLANG_ANALYZER_NONNULL = YES;
				CLANG_ANALYZER_NUMBER_OBJECT_CONVERSION = YES_AGGRESSIVE;
				CLANG_CXX_LANGUAGE_STANDARD = "gnu++14";
				CLANG_CXX_LIBRARY = "libc++";
				CLANG_ENABLE_MODULES = YES;
				CLANG_ENABLE_OBJC_ARC = YES;
				CLANG_ENABLE_OBJC_WEAK = YES;
				CLANG_WARN_BLOCK_CAPTURE_AUTORELEASING = YES;
				CLANG_WARN_BOOL_CONVERSION = YES;
				CLANG_WARN_COMMA = YES;
				CLANG_WARN_CONSTANT_CONVERSION = YES;
				CLANG_WARN_DEPRECATED_OBJC_IMPLEMENTATIONS = YES;
				CLANG_WARN_DIRECT_OBJC_ISA_USAGE = YES_ERROR;
				CLANG_WARN_DOCUMENTATION_COMMENTS = YES;
				CLANG_WARN_EMPTY_BODY = YES;
				CLANG_WARN_ENUM_CONVERSION = YES;
				CLANG_WARN_INFINITE_RECURSION = YES;
				CLANG_WARN_INT_CONVERSION = YES;
				CLANG_WARN_NON_LITERAL_NULL_CONVERSION = YES;
				CLANG_WARN_OBJC_IMPLICIT_RETAIN_SELF = YES;
				CLANG_WARN_OBJC_LITERAL_CONVERSION = YES;
				CLANG_WARN_OBJC_ROOT_CLASS = YES_ERROR;
				CLANG_WARN_QUOTED_INCLUDE_IN_FRAMEWORK_HEADER = YES;
				CLANG_WARN_RANGE_LOOP_ANALYSIS = YES;
				CLANG_WARN_STRICT_PROTOTYPES = YES;
				CLANG_WARN_SUSPICIOUS_MOVE = YES;
				CLANG_WARN_UNGUARDED_AVAILABILITY = YES_AGGRESSIVE;
				CLANG_WARN_UNREACHABLE_CODE = YES;
				CLANG_WARN__DUPLICATE_METHOD_MATCH = YES;
				COPY_PHASE_STRIP = NO;
				DEBUG_INFORMATION_FORMAT = "dwarf-with-dsym";
				ENABLE_NS_ASSERTIONS = NO;
				ENABLE_STRICT_OBJC_MSGSEND = YES;
				GCC_C_LANGUAGE_STANDARD = gnu11;
				GCC_NO_COMMON_BLOCKS = YES;
				GCC_WARN_64_TO_32_BIT_CONVERSION = YES;
				GCC_WARN_ABOUT_RETURN_TYPE = YES_ERROR;
				GCC_WARN_UNDECLARED_SELECTOR = YES;
				GCC_WARN_UNINITIALIZED_AUTOS = YES_AGGRESSIVE;
				GCC_WARN_UNUSED_FUNCTION = YES;
				GCC_WARN_UNUSED_VARIABLE = YES;
				MACOSX_DEPLOYMENT_TARGET = 10.15;
				MTL_ENABLE_DEBUG_INFO = NO;
				MTL_FAST_MATH = YES;
				SDKROOT = macosx;
			};
			name = Release;
		};
		308F44C5255D196C003DCEEE /* Debug */ = {
			isa = XCBuildConfiguration;
			buildSettings = {
				CODE_SIGN_STYLE = Automatic;
				DEVELOPMENT_TEAM = B5SJ8JYP65;
				ENABLE_HARDENED_RUNTIME = YES;
				PRODUCT_NAME = "$(TARGET_NAME)";
			};
			name = Debug;
		};
		308F44C6255D196C003DCEEE /* Release */ = {
			isa = XCBuildConfiguration;
			buildSettings = {
				CODE_SIGN_STYLE = Automatic;
				DEVELOPMENT_TEAM = B5SJ8JYP65;
				ENABLE_HARDENED_RUNTIME = YES;
				PRODUCT_NAME = "$(TARGET_NAME)";
			};
			name = Release;
		};
		308F44D1255D1986003DCEEE /* Debug */ = {
			isa = XCBuildConfiguration;
			buildSettings = {
				CODE_SIGN_STYLE = Automatic;
				DEVELOPMENT_TEAM = B5SJ8JYP65;
				ENABLE_HARDENED_RUNTIME = YES;
				PRODUCT_NAME = "$(TARGET_NAME)";
			};
			name = Debug;
		};
		308F44D2255D1986003DCEEE /* Release */ = {
			isa = XCBuildConfiguration;
			buildSettings = {
				CODE_SIGN_STYLE = Automatic;
				DEVELOPMENT_TEAM = B5SJ8JYP65;
				ENABLE_HARDENED_RUNTIME = YES;
				PRODUCT_NAME = "$(TARGET_NAME)";
			};
			name = Release;
		};
		308F44DE255D1993003DCEEE /* Debug */ = {
			isa = XCBuildConfiguration;
			buildSettings = {
				CODE_SIGN_STYLE = Automatic;
				DEVELOPMENT_TEAM = B5SJ8JYP65;
				ENABLE_HARDENED_RUNTIME = YES;
				PRODUCT_NAME = "$(TARGET_NAME)";
			};
			name = Debug;
		};
		308F44DF255D1993003DCEEE /* Release */ = {
			isa = XCBuildConfiguration;
			buildSettings = {
				CODE_SIGN_STYLE = Automatic;
				DEVELOPMENT_TEAM = B5SJ8JYP65;
				ENABLE_HARDENED_RUNTIME = YES;
				PRODUCT_NAME = "$(TARGET_NAME)";
			};
			name = Release;
		};
		308F44EF255D19F3003DCEEE /* Debug */ = {
			isa = XCBuildConfiguration;
			buildSettings = {
				CODE_SIGN_STYLE = Automatic;
				DEVELOPMENT_TEAM = B5SJ8JYP65;
				ENABLE_HARDENED_RUNTIME = YES;
				PRODUCT_NAME = "$(TARGET_NAME)";
			};
			name = Debug;
		};
		308F44F0255D19F3003DCEEE /* Release */ = {
			isa = XCBuildConfiguration;
			buildSettings = {
				CODE_SIGN_STYLE = Automatic;
				DEVELOPMENT_TEAM = B5SJ8JYP65;
				ENABLE_HARDENED_RUNTIME = YES;
				PRODUCT_NAME = "$(TARGET_NAME)";
			};
			name = Release;
		};
/* End XCBuildConfiguration section */

/* Begin XCConfigurationList section */
		300B974D2562788000F65186 /* Build configuration list for PBXNativeTarget "00-ARM" */ = {
			isa = XCConfigurationList;
			buildConfigurations = (
				300B974B2562788000F65186 /* Debug */,
				300B974C2562788000F65186 /* Release */,
			);
			defaultConfigurationIsVisible = 0;
			defaultConfigurationName = Release;
		};
		3089BF5D255E37FC00B134F7 /* Build configuration list for PBXNativeTarget "48-Lambda" */ = {
			isa = XCConfigurationList;
			buildConfigurations = (
				3089BF5B255E37FC00B134F7 /* Debug */,
				3089BF5C255E37FC00B134F7 /* Release */,
			);
			defaultConfigurationIsVisible = 0;
			defaultConfigurationName = Release;
		};
		3089BF6B255E3B8000B134F7 /* Build configuration list for PBXNativeTarget "49-C++14" */ = {
			isa = XCConfigurationList;
			buildConfigurations = (
				3089BF6C255E3B8000B134F7 /* Debug */,
				3089BF6D255E3B8000B134F7 /* Release */,
			);
			defaultConfigurationIsVisible = 0;
			defaultConfigurationName = Release;
		};
		3089BF84255E65FF00B134F7 /* Build configuration list for PBXNativeTarget "50-异常" */ = {
			isa = XCConfigurationList;
			buildConfigurations = (
				3089BF85255E65FF00B134F7 /* Debug */,
				3089BF86255E65FF00B134F7 /* Release */,
			);
			defaultConfigurationIsVisible = 0;
			defaultConfigurationName = Release;
		};
		3089BF96255E822400B134F7 /* Build configuration list for PBXNativeTarget "51-智能指针" */ = {
			isa = XCConfigurationList;
			buildConfigurations = (
				3089BF97255E822400B134F7 /* Debug */,
				3089BF98255E822400B134F7 /* Release */,
			);
			defaultConfigurationIsVisible = 0;
			defaultConfigurationName = Release;
		};
		308F44B8255D196C003DCEEE /* Build configuration list for PBXProject "CPP" */ = {
			isa = XCConfigurationList;
			buildConfigurations = (
				308F44C2255D196C003DCEEE /* Debug */,
				308F44C3255D196C003DCEEE /* Release */,
			);
			defaultConfigurationIsVisible = 0;
			defaultConfigurationName = Release;
		};
		308F44C4255D196C003DCEEE /* Build configuration list for PBXNativeTarget "CPP" */ = {
			isa = XCConfigurationList;
			buildConfigurations = (
				308F44C5255D196C003DCEEE /* Debug */,
				308F44C6255D196C003DCEEE /* Release */,
			);
			defaultConfigurationIsVisible = 0;
			defaultConfigurationName = Release;
		};
		308F44D0255D1986003DCEEE /* Build configuration list for PBXNativeTarget "43-运算符重载" */ = {
			isa = XCConfigurationList;
			buildConfigurations = (
				308F44D1255D1986003DCEEE /* Debug */,
				308F44D2255D1986003DCEEE /* Release */,
			);
			defaultConfigurationIsVisible = 0;
			defaultConfigurationName = Release;
		};
		308F44DD255D1993003DCEEE /* Build configuration list for PBXNativeTarget "42-局部类" */ = {
			isa = XCConfigurationList;
			buildConfigurations = (
				308F44DE255D1993003DCEEE /* Debug */,
				308F44DF255D1993003DCEEE /* Release */,
			);
			defaultConfigurationIsVisible = 0;
			defaultConfigurationName = Release;
		};
		308F44EE255D19F3003DCEEE /* Build configuration list for PBXNativeTarget "46-模板" */ = {
			isa = XCConfigurationList;
			buildConfigurations = (
				308F44EF255D19F3003DCEEE /* Debug */,
				308F44F0255D19F3003DCEEE /* Release */,
			);
			defaultConfigurationIsVisible = 0;
			defaultConfigurationName = Release;
		};
/* End XCConfigurationList section */
	};
	rootObject = 308F44B5255D196C003DCEEE /* Project object */;
}
